
Microsoft Visual Studio Solution File, Format Version 12.00
# Visual Studio Version 17
VisualStudioVersion = 17.11.35312.102
MinimumVisualStudioVersion = 10.0.40219.1
Project("{FAE04EC0-301F-11D3-BF4B-00C04F79EFBC}") = "mariadb", "mariadb\mariadb.csproj", "{72E53260-0A6A-4F43-8ACA-29ECBDDF0EB2}"
EndProject
Global
	GlobalSection(SolutionConfigurationPlatforms) = preSolution
		Debug|Any CPU = Debug|Any CPU
		Release|Any CPU = Release|Any CPU
	EndGlobalSection
	GlobalSection(ProjectConfigurationPlatforms) = postSolution
		{72E53260-0A6A-4F43-8ACA-29ECBDDF0EB2}.Debug|Any CPU.ActiveCfg = Debug|Any CPU
		{72E53260-0A6A-4F43-8ACA-29ECBDDF0EB2}.Debug|Any CPU.Build.0 = Debug|Any CPU
		{72E53260-0A6A-4F43-8ACA-29ECBDDF0EB2}.Release|Any CPU.ActiveCfg = Release|Any CPU
		{72E53260-0A6A-4F43-8ACA-29ECBDDF0EB2}.Release|Any CPU.Build.0 = Release|Any CPU
	EndGlobalSection
	GlobalSection(SolutionProperties) = preSolution
		HideSolutionNode = FALSE
	EndGlobalSection
	GlobalSection(ExtensibilityGlobals) = postSolution
		SolutionGuid = {D05463BA-0185-4847-BC89-7EF9AB949E43}
	EndGlobalSection
EndGlobal
